// !$*UTF8*$!
{
	archiveVersion = 1;
	classes = {
	};
	objectVersion = 77;
	objects = {

/* Begin PBXContainerItemProxy section */
		50EA424C2E82394600A726F7 /* PBXContainerItemProxy */ = {
			isa = PBXContainerItemProxy;
			containerPortal = 50EA42362E82394400A726F7 /* Project object */;
			proxyType = 1;
			remoteGlobalIDString = 50EA423D2E82394400A726F7;
			remoteInfo = GatoDresser;
		};
		50EA42562E82394600A726F7 /* PBXContainerItemProxy */ = {
			isa = PBXContainerItemProxy;
			containerPortal = 50EA42362E82394400A726F7 /* Project object */;
			proxyType = 1;
			remoteGlobalIDString = 50EA423D2E82394400A726F7;
			remoteInfo = GatoDresser;
		};
/* End PBXContainerItemProxy section */

/* Begin PBXFileReference section */
		50EA423E2E82394400A726F7 /* GatoDresser.app */ = {isa = PBXFileReference; explicitFileType = wrapper.application; includeInIndex = 0; path = GatoDresser.app; sourceTree = BUILT_PRODUCTS_DIR; };
		50EA424B2E82394600A726F7 /* GatoDresserTests.xctest */ = {isa = PBXFileReference; explicitFileType = wrapper.cfbundle; includeInIndex = 0; path = GatoDresserTests.xctest; sourceTree = BUILT_PRODUCTS_DIR; };
		50EA42552E82394600A726F7 /* GatoDresserUITests.xctest */ = {isa = PBXFileReference; explicitFileType = wrapper.cfbundle; includeInIndex = 0; path = GatoDresserUITests.xctest; sourceTree = BUILT_PRODUCTS_DIR; };
/* End PBXFileReference section */

/* Begin PBXFileSystemSynchronizedBuildFileExceptionSet section */
		50A3BC172E8372500013ACE8 /* Exceptions for "GatoDresser" folder in "GatoDresser" target */ = {
			isa = PBXFileSystemSynchronizedBuildFileExceptionSet;
			membershipExceptions = (
				Info.plist,
			);
			target = 50EA423D2E82394400A726F7 /* GatoDresser */;
		};
/* End PBXFileSystemSynchronizedBuildFileExceptionSet section */

/* Begin PBXFileSystemSynchronizedRootGroup section */
		50EA42402E82394400A726F7 /* GatoDresser */ = {
			isa = PBXFileSystemSynchronizedRootGroup;
			exceptions = (
				50A3BC172E8372500013ACE8 /* Exceptions for "GatoDresser" folder in "GatoDresser" target */,
			);
			path = GatoDresser;
			sourceTree = "<group>";
		};
		50EA424E2E82394600A726F7 /* GatoDresserTests */ = {
			isa = PBXFileSystemSynchronizedRootGroup;
			path = GatoDresserTests;
			sourceTree = "<group>";
		};
		50EA42582E82394600A726F7 /* GatoDresserUITests */ = {
			isa = PBXFileSystemSynchronizedRootGroup;
			path = GatoDresserUITests;
			sourceTree = "<group>";
		};
/* End PBXFileSystemSynchronizedRootGroup section */

/* Begin PBXFrameworksBuildPhase section */
		50EA423B2E82394400A726F7 /* Frameworks */ = {
			isa = PBXFrameworksBuildPhase;
			buildActionMask = 2147483647;
			files = (
			);
			runOnlyForDeploymentPostprocessing = 0;
		};
		50EA42482E82394600A726F7 /* Frameworks */ = {
			isa = PBXFrameworksBuildPhase;
			buildActionMask = 2147483647;
			files = (
			);
			runOnlyForDeploymentPostprocessing = 0;
		};
		50EA42522E82394600A726F7 /* Frameworks */ = {
			isa = PBXFrameworksBuildPhase;
			buildActionMask = 2147483647;
			files = (
			);
			runOnlyForDeploymentPostprocessing = 0;
		};
/* End PBXFrameworksBuildPhase section */

/* Begin PBXGroup section */
		50EA42352E82394400A726F7 = {
			isa = PBXGroup;
			children = (
				50EA42402E82394400A726F7 /* GatoDresser */,
				50EA424E2E82394600A726F7 /* GatoDresserTests */,
				50EA42582E82394600A726F7 /* GatoDresserUITests */,
				50EA423F2E82394400A726F7 /* Products */,
			);
			sourceTree = "<group>";
		};
		50EA423F2E82394400A726F7 /* Products */ = {
			isa = PBXGroup;
			children = (
				50EA423E2E82394400A726F7 /* GatoDresser.app */,
				50EA424B2E82394600A726F7 /* GatoDresserTests.xctest */,
				50EA42552E82394600A726F7 /* GatoDresserUITests.xctest */,
			);
			name = Products;
			sourceTree = "<group>";
		};
/* End PBXGroup section */

/* Begin PBXNativeTarget section */
		50EA423D2E82394400A726F7 /* GatoDresser */ = {
			isa = PBXNativeTarget;
			buildConfigurationList = 50EA425F2E82394600A726F7 /* Build configuration list for PBXNativeTarget "GatoDresser" */;
			buildPhases = (
				50EA423A2E82394400A726F7 /* Sources */,
				50EA423B2E82394400A726F7 /* Frameworks */,
				50EA423C2E82394400A726F7 /* Resources */,
			);
			buildRules = (
			);
			dependencies = (
			);
			fileSystemSynchronizedGroups = (
				50EA42402E82394400A726F7 /* GatoDresser */,
			);
			name = GatoDresser;
			packageProductDependencies = (
			);
			productName = GatoDresser;
			productReference = 50EA423E2E82394400A726F7 /* GatoDresser.app */;
			productType = "com.apple.product-type.application";
		};
		50EA424A2E82394600A726F7 /* GatoDresserTests */ = {
			isa = PBXNativeTarget;
			buildConfigurationList = 50EA42622E82394600A726F7 /* Build configuration list for PBXNativeTarget "GatoDresserTests" */;
			buildPhases = (
				50EA42472E82394600A726F7 /* Sources */,
				50EA42482E82394600A726F7 /* Frameworks */,
				50EA42492E82394600A726F7 /* Resources */,
			);
			buildRules = (
			);
			dependencies = (
				50EA424D2E82394600A726F7 /* PBXTargetDependency */,
			);
			fileSystemSynchronizedGroups = (
				50EA424E2E82394600A726F7 /* GatoDresserTests */,
			);
			name = GatoDresserTests;
			packageProductDependencies = (
			);
			productName = GatoDresserTests;
			productReference = 50EA424B2E82394600A726F7 /* GatoDresserTests.xctest */;
			productType = "com.apple.product-type.bundle.unit-test";
		};
		50EA42542E82394600A726F7 /* GatoDresserUITests */ = {
			isa = PBXNativeTarget;
			buildConfigurationList = 50EA42652E82394600A726F7 /* Build configuration list for PBXNativeTarget "GatoDresserUITests" */;
			buildPhases = (
				50EA42512E82394600A726F7 /* Sources */,
				50EA42522E82394600A726F7 /* Frameworks */,
				50EA42532E82394600A726F7 /* Resources */,
			);
			buildRules = (
			);
			dependencies = (
				50EA42572E82394600A726F7 /* PBXTargetDependency */,
			);
			fileSystemSynchronizedGroups = (
				50EA42582E82394600A726F7 /* GatoDresserUITests */,
			);
			name = GatoDresserUITests;
			packageProductDependencies = (
			);
			productName = GatoDresserUITests;
			productReference = 50EA42552E82394600A726F7 /* GatoDresserUITests.xctest */;
			productType = "com.apple.product-type.bundle.ui-testing";
		};
/* End PBXNativeTarget section */

/* Begin PBXProject section */
		50EA42362E82394400A726F7 /* Project object */ = {
			isa = PBXProject;
			attributes = {
				BuildIndependentTargetsInParallel = 1;
				LastSwiftUpdateCheck = 1640;
				LastUpgradeCheck = 1640;
				TargetAttributes = {
					50EA423D2E82394400A726F7 = {
						CreatedOnToolsVersion = 16.4;
					};
					50EA424A2E82394600A726F7 = {
						CreatedOnToolsVersion = 16.4;
						TestTargetID = 50EA423D2E82394400A726F7;
					};
					50EA42542E82394600A726F7 = {
						CreatedOnToolsVersion = 16.4;
						TestTargetID = 50EA423D2E82394400A726F7;
					};
				};
			};
			buildConfigurationList = 50EA42392E82394400A726F7 /* Build configuration list for PBXProject "GatoDresser" */;
			developmentRegion = en;
			hasScannedForEncodings = 0;
			knownRegions = (
				en,
				Base,
			);
			mainGroup = 50EA42352E82394400A726F7;
			minimizedProjectReferenceProxies = 1;
			preferredProjectObjectVersion = 77;
			productRefGroup = 50EA423F2E82394400A726F7 /* Products */;
			projectDirPath = "";
			projectRoot = "";
			targets = (
				50EA423D2E82394400A726F7 /* GatoDresser */,
				50EA424A2E82394600A726F7 /* GatoDresserTests */,
				50EA42542E82394600A726F7 /* GatoDresserUITests */,
			);
		};
/* End PBXProject section */

/* Begin PBXResourcesBuildPhase section */
		50EA423C2E82394400A726F7 /* Resources */ = {
			isa = PBXResourcesBuildPhase;
			buildActionMask = 2147483647;
			files = (
			);
			runOnlyForDeploymentPostprocessing = 0;
		};
		50EA42492E82394600A726F7 /* Resources */ = {
			isa = PBXResourcesBuildPhase;
			buildActionMask = 2147483647;
			files = (
			);
			runOnlyForDeploymentPostprocessing = 0;
		};
		50EA42532E82394600A726F7 /* Resources */ = {
			isa = PBXResourcesBuildPhase;
			buildActionMask = 2147483647;
			files = (
			);
			runOnlyForDeploymentPostprocessing = 0;
		};
/* End PBXResourcesBuildPhase section */

/* Begin PBXSourcesBuildPhase section */
		50EA423A2E82394400A726F7 /* Sources */ = {
			isa = PBXSourcesBuildPhase;
			buildActionMask = 2147483647;
			files = (
			);
			runOnlyForDeploymentPostprocessing = 0;
		};
		50EA42472E82394600A726F7 /* Sources */ = {
			isa = PBXSourcesBuildPhase;
			buildActionMask = 2147483647;
			files = (
			);
			runOnlyForDeploymentPostprocessing = 0;
		};
		50EA42512E82394600A726F7 /* Sources */ = {
			isa = PBXSourcesBuildPhase;
			buildActionMask = 2147483647;
			files = (
			);
			runOnlyForDeploymentPostprocessing = 0;
		};
/* End PBXSourcesBuildPhase section */

/* Begin PBXTargetDependency section */
		50EA424D2E82394600A726F7 /* PBXTargetDependency */ = {
			isa = PBXTargetDependency;
			target = 50EA423D2E82394400A726F7 /* GatoDresser */;
			targetProxy = 50EA424C2E82394600A726F7 /* PBXContainerItemProxy */;
		};
		50EA42572E82394600A726F7 /* PBXTargetDependency */ = {
			isa = PBXTargetDependency;
			target = 50EA423D2E82394400A726F7 /* GatoDresser */;
			targetProxy = 50EA42562E82394600A726F7 /* PBXContainerItemProxy */;
		};
/* End PBXTargetDependency section */

/* Begin XCBuildConfiguration section */
		50EA425D2E82394600A726F7 /* Debug */ = {
			isa = XCBuildConfiguration;
			buildSettings = {
				ALWAYS_SEARCH_USER_PATHS = NO;
				ASSETCATALOG_COMPILER_GENERATE_SWIFT_ASSET_SYMBOL_EXTENSIONS = YES;
				CLANG_ANALYZER_NONNULL = YES;
				CLANG_ANALYZER_NUMBER_OBJECT_CONVERSION = YES_AGGRESSIVE;
				CLANG_CXX_LANGUAGE_STANDARD = "gnu++20";
				CLANG_ENABLE_MODULES = YES;
				CLANG_ENABLE_OBJC_ARC = YES;
				CLANG_ENABLE_OBJC_WEAK = YES;
				CLANG_WARN_BLOCK_CAPTURE_AUTORELEASING = YES;
				CLANG_WARN_BOOL_CONVERSION = YES;
				CLANG_WARN_COMMA = YES;
				CLANG_WARN_CONSTANT_CONVERSION = YES;
				CLANG_WARN_DEPRECATED_OBJC_IMPLEMENTATIONS = YES;
				CLANG_WARN_DIRECT_OBJC_ISA_USAGE = YES_ERROR;
				CLANG_WARN_DOCUMENTATION_COMMENTS = YES;
				CLANG_WARN_EMPTY_BODY = YES;
				CLANG_WARN_ENUM_CONVERSION = YES;
				CLANG_WARN_INFINITE_RECURSION = YES;
				CLANG_WARN_INT_CONVERSION = YES;
				CLANG_WARN_NON_LITERAL_NULL_CONVERSION = YES;
				CLANG_WARN_OBJC_IMPLICIT_RETAIN_SELF = YES;
				CLANG_WARN_OBJC_LITERAL_CONVERSION = YES;
				CLANG_WARN_OBJC_ROOT_CLASS = YES_ERROR;
				CLANG_WARN_QUOTED_INCLUDE_IN_FRAMEWORK_HEADER = YES;
				CLANG_WARN_RANGE_LOOP_ANALYSIS = YES;
				CLANG_WARN_STRICT_PROTOTYPES = YES;
				CLANG_WARN_SUSPICIOUS_MOVE = YES;
				CLANG_WARN_UNGUARDED_AVAILABILITY = YES_AGGRESSIVE;
				CLANG_WARN_UNREACHABLE_CODE = YES;
				CLANG_WARN__DUPLICATE_METHOD_MATCH = YES;
				COPY_PHASE_STRIP = NO;
				DEBUG_INFORMATION_FORMAT = dwarf;
				DEVELOPMENT_TEAM = 8JP4JC6GL4;
				ENABLE_STRICT_OBJC_MSGSEND = YES;
				ENABLE_TESTABILITY = YES;
				ENABLE_USER_SCRIPT_SANDBOXING = YES;
				GCC_C_LANGUAGE_STANDARD = gnu17;
				GCC_DYNAMIC_NO_PIC = NO;
				GCC_NO_COMMON_BLOCKS = YES;
				GCC_OPTIMIZATION_LEVEL = 0;
				GCC_PREPROCESSOR_DEFINITIONS = (
					"DEBUG=1",
					"$(inherited)",
				);
				GCC_WARN_64_TO_32_BIT_CONVERSION = YES;
				GCC_WARN_ABOUT_RETURN_TYPE = YES_ERROR;
				GCC_WARN_UNDECLARED_SELECTOR = YES;
				GCC_WARN_UNINITIALIZED_AUTOS = YES_AGGRESSIVE;
				GCC_WARN_UNUSED_FUNCTION = YES;
				GCC_WARN_UNUSED_VARIABLE = YES;
				IPHONEOS_DEPLOYMENT_TARGET = 18.5;
				LOCALIZATION_PREFERS_STRING_CATALOGS = YES;
				MTL_ENABLE_DEBUG_INFO = INCLUDE_SOURCE;
				MTL_FAST_MATH = YES;
				ONLY_ACTIVE_ARCH = YES;
				SDKROOT = iphoneos;
				SWIFT_ACTIVE_COMPILATION_CONDITIONS = "DEBUG $(inherited)";
				SWIFT_OPTIMIZATION_LEVEL = "-Onone";
			};
			name = Debug;
		};
		50EA425E2E82394600A726F7 /* Release */ = {
			isa = XCBuildConfiguration;
			buildSettings = {
				ALWAYS_SEARCH_USER_PATHS = NO;
				ASSETCATALOG_COMPILER_GENERATE_SWIFT_ASSET_SYMBOL_EXTENSIONS = YES;
				CLANG_ANALYZER_NONNULL = YES;
				CLANG_ANALYZER_NUMBER_OBJECT_CONVERSION = YES_AGGRESSIVE;
				CLANG_CXX_LANGUAGE_STANDARD = "gnu++20";
				CLANG_ENABLE_MODULES = YES;
				CLANG_ENABLE_OBJC_ARC = YES;
				CLANG_ENABLE_OBJC_WEAK = YES;
				CLANG_WARN_BLOCK_CAPTURE_AUTORELEASING = YES;
				CLANG_WARN_BOOL_CONVERSION = YES;
				CLANG_WARN_COMMA = YES;
				CLANG_WARN_CONSTANT_CONVERSION = YES;
				CLANG_WARN_DEPRECATED_OBJC_IMPLEMENTATIONS = YES;
				CLANG_WARN_DIRECT_OBJC_ISA_USAGE = YES_ERROR;
				CLANG_WARN_DOCUMENTATION_COMMENTS = YES;
				CLANG_WARN_EMPTY_BODY = YES;
				CLANG_WARN_ENUM_CONVERSION = YES;
				CLANG_WARN_INFINITE_RECURSION = YES;
				CLANG_WARN_INT_CONVERSION = YES;
				CLANG_WARN_NON_LITERAL_NULL_CONVERSION = YES;
				CLANG_WARN_OBJC_IMPLICIT_RETAIN_SELF = YES;
				CLANG_WARN_OBJC_LITERAL_CONVERSION = YES;
				CLANG_WARN_OBJC_ROOT_CLASS = YES_ERROR;
				CLANG_WARN_QUOTED_INCLUDE_IN_FRAMEWORK_HEADER = YES;
				CLANG_WARN_RANGE_LOOP_ANALYSIS = YES;
				CLANG_WARN_STRICT_PROTOTYPES = YES;
				CLANG_WARN_SUSPICIOUS_MOVE = YES;
				CLANG_WARN_UNGUARDED_AVAILABILITY = YES_AGGRESSIVE;
				CLANG_WARN_UNREACHABLE_CODE = YES;
				CLANG_WARN__DUPLICATE_METHOD_MATCH = YES;
				COPY_PHASE_STRIP = NO;
				DEBUG_INFORMATION_FORMAT = "dwarf-with-dsym";
				DEVELOPMENT_TEAM = 8JP4JC6GL4;
				ENABLE_NS_ASSERTIONS = NO;
				ENABLE_STRICT_OBJC_MSGSEND = YES;
				ENABLE_USER_SCRIPT_SANDBOXING = YES;
				GCC_C_LANGUAGE_STANDARD = gnu17;
				GCC_NO_COMMON_BLOCKS = YES;
				GCC_WARN_64_TO_32_BIT_CONVERSION = YES;
				GCC_WARN_ABOUT_RETURN_TYPE = YES_ERROR;
				GCC_WARN_UNDECLARED_SELECTOR = YES;
				GCC_WARN_UNINITIALIZED_AUTOS = YES_AGGRESSIVE;
				GCC_WARN_UNUSED_FUNCTION = YES;
				GCC_WARN_UNUSED_VARIABLE = YES;
				IPHONEOS_DEPLOYMENT_TARGET = 18.5;
				LOCALIZATION_PREFERS_STRING_CATALOGS = YES;
				MTL_ENABLE_DEBUG_INFO = NO;
				MTL_FAST_MATH = YES;
				SDKROOT = iphoneos;
				SWIFT_COMPILATION_MODE = wholemodule;
				VALIDATE_PRODUCT = YES;
			};
			name = Release;
		};
		50EA42602E82394600A726F7 /* Debug */ = {
			isa = XCBuildConfiguration;
			buildSettings = {
				ASSETCATALOG_COMPILER_APPICON_NAME = AppIcon;
				ASSETCATALOG_COMPILER_GLOBAL_ACCENT_COLOR_NAME = AccentColor;
				CODE_SIGN_STYLE = Automatic;
				CURRENT_PROJECT_VERSION = 1;
				DEVELOPMENT_TEAM = 8JP4JC6GL4;
				ENABLE_PREVIEWS = YES;
				GENERATE_INFOPLIST_FILE = YES;
				INFOPLIST_FILE = GatoDresser/Info.plist;
				INFOPLIST_KEY_NSCameraUsageDescription = "This app uses the camera to capture photo and videos.";
				INFOPLIST_KEY_NSPhotoLibraryUsageDescription = "This app uses the photo library to capture photo and videos.";
				INFOPLIST_KEY_UIApplicationSceneManifest_Generation = YES;
				INFOPLIST_KEY_UIApplicationSupportsIndirectInputEvents = YES;
				INFOPLIST_KEY_UILaunchScreen_Generation = YES;
				INFOPLIST_KEY_UISupportedInterfaceOrientations_iPad = "UIInterfaceOrientationPortrait UIInterfaceOrientationPortraitUpsideDown UIInterfaceOrientationLandscapeLeft UIInterfaceOrientationLandscapeRight";
				INFOPLIST_KEY_UISupportedInterfaceOrientations_iPhone = "UIInterfaceOrientationPortrait UIInterfaceOrientationLandscapeLeft UIInterfaceOrientationLandscapeRight";
				LD_RUNPATH_SEARCH_PATHS = (
					"$(inherited)",
					"@executable_path/Frameworks",
				);
				MARKETING_VERSION = 1.0;
				PRODUCT_BUNDLE_IDENTIFIER = com.IYA.LaurenHsueh.GatoDresser;
				PRODUCT_NAME = "$(TARGET_NAME)";
				SWIFT_EMIT_LOC_STRINGS = YES;
				SWIFT_VERSION = 5.0;
				TARGETED_DEVICE_FAMILY = "1,2";
			};
			name = Debug;
		};
		50EA42612E82394600A726F7 /* Release */ = {
			isa = XCBuildConfiguration;
			buildSettings = {
				ASSETCATALOG_COMPILER_APPICON_NAME = AppIcon;
				ASSETCATALOG_COMPILER_GLOBAL_ACCENT_COLOR_NAME = AccentColor;
				CODE_SIGN_STYLE = Automatic;
				CURRENT_PROJECT_VERSION = 1;
				DEVELOPMENT_TEAM = 8JP4JC6GL4;
				ENABLE_PREVIEWS = YES;
				GENERATE_INFOPLIST_FILE = YES;
				INFOPLIST_FILE = GatoDresser/Info.plist;
				INFOPLIST_KEY_NSCameraUsageDescription = "This app uses the camera to capture photo and videos.";
				INFOPLIST_KEY_NSPhotoLibraryUsageDescription = "This app uses the photo library to capture photo and videos.";
				INFOPLIST_KEY_UIApplicationSceneManifest_Generation = YES;
				INFOPLIST_KEY_UIApplicationSupportsIndirectInputEvents = YES;
				INFOPLIST_KEY_UILaunchScreen_Generation = YES;
				INFOPLIST_KEY_UISupportedInterfaceOrientations_iPad = "UIInterfaceOrientationPortrait UIInterfaceOrientationPortraitUpsideDown UIInterfaceOrientationLandscapeLeft UIInterfaceOrientationLandscapeRight";
				INFOPLIST_KEY_UISupportedInterfaceOrientations_iPhone = "UIInterfaceOrientationPortrait UIInterfaceOrientationLandscapeLeft UIInterfaceOrientationLandscapeRight";
				LD_RUNPATH_SEARCH_PATHS = (
					"$(inherited)",
					"@executable_path/Frameworks",
				);
				MARKETING_VERSION = 1.0;
				PRODUCT_BUNDLE_IDENTIFIER = com.IYA.LaurenHsueh.GatoDresser;
				PRODUCT_NAME = "$(TARGET_NAME)";
				SWIFT_EMIT_LOC_STRINGS = YES;
				SWIFT_VERSION = 5.0;
				TARGETED_DEVICE_FAMILY = "1,2";
			};
			name = Release;
		};
		50EA42632E82394600A726F7 /* Debug */ = {
			isa = XCBuildConfiguration;
			buildSettings = {
				BUNDLE_LOADER = "$(TEST_HOST)";
				CODE_SIGN_STYLE = Automatic;
				CURRENT_PROJECT_VERSION = 1;
				DEVELOPMENT_TEAM = 8JP4JC6GL4;
				GENERATE_INFOPLIST_FILE = YES;
				IPHONEOS_DEPLOYMENT_TARGET = 18.5;
				MARKETING_VERSION = 1.0;
				PRODUCT_BUNDLE_IDENTIFIER = com.IYA.LaurenHsueh.GatoDresserTests;
				PRODUCT_NAME = "$(TARGET_NAME)";
				SWIFT_EMIT_LOC_STRINGS = NO;
				SWIFT_VERSION = 5.0;
				TARGETED_DEVICE_FAMILY = "1,2";
				TEST_HOST = "$(BUILT_PRODUCTS_DIR)/GatoDresser.app/$(BUNDLE_EXECUTABLE_FOLDER_PATH)/GatoDresser";
			};
			name = Debug;
		};
		50EA42642E82394600A726F7 /* Release */ = {
			isa = XCBuildConfiguration;
			buildSettings = {
				BUNDLE_LOADER = "$(TEST_HOST)";
				CODE_SIGN_STYLE = Automatic;
				CURRENT_PROJECT_VERSION = 1;
				DEVELOPMENT_TEAM = 8JP4JC6GL4;
				GENERATE_INFOPLIST_FILE = YES;
				IPHONEOS_DEPLOYMENT_TARGET = 18.5;
				MARKETING_VERSION = 1.0;
				PRODUCT_BUNDLE_IDENTIFIER = com.IYA.LaurenHsueh.GatoDresserTests;
				PRODUCT_NAME = "$(TARGET_NAME)";
				SWIFT_EMIT_LOC_STRINGS = NO;
				SWIFT_VERSION = 5.0;
				TARGETED_DEVICE_FAMILY = "1,2";
				TEST_HOST = "$(BUILT_PRODUCTS_DIR)/GatoDresser.app/$(BUNDLE_EXECUTABLE_FOLDER_PATH)/GatoDresser";
			};
			name = Release;
		};
		50EA42662E82394600A726F7 /* Debug */ = {
			isa = XCBuildConfiguration;
			buildSettings = {
				CODE_SIGN_STYLE = Automatic;
				CURRENT_PROJECT_VERSION = 1;
				DEVELOPMENT_TEAM = 8JP4JC6GL4;
				GENERATE_INFOPLIST_FILE = YES;
				MARKETING_VERSION = 1.0;
				PRODUCT_BUNDLE_IDENTIFIER = com.IYA.LaurenHsueh.GatoDresserUITests;
				PRODUCT_NAME = "$(TARGET_NAME)";
				SWIFT_EMIT_LOC_STRINGS = NO;
				SWIFT_VERSION = 5.0;
				TARGETED_DEVICE_FAMILY = "1,2";
				TEST_TARGET_NAME = GatoDresser;
			};
			name = Debug;
		};
		50EA42672E82394600A726F7 /* Release */ = {
			isa = XCBuildConfiguration;
			buildSettings = {
				CODE_SIGN_STYLE = Automatic;
				CURRENT_PROJECT_VERSION = 1;
				DEVELOPMENT_TEAM = 8JP4JC6GL4;
				GENERATE_INFOPLIST_FILE = YES;
				MARKETING_VERSION = 1.0;
				PRODUCT_BUNDLE_IDENTIFIER = com.IYA.LaurenHsueh.GatoDresserUITests;
				PRODUCT_NAME = "$(TARGET_NAME)";
				SWIFT_EMIT_LOC_STRINGS = NO;
				SWIFT_VERSION = 5.0;
				TARGETED_DEVICE_FAMILY = "1,2";
				TEST_TARGET_NAME = GatoDresser;
			};
			name = Release;
		};
/* End XCBuildConfiguration section */

/* Begin XCConfigurationList section */
		50EA42392E82394400A726F7 /* Build configuration list for PBXProject "GatoDresser" */ = {
			isa = XCConfigurationList;
			buildConfigurations = (
				50EA425D2E82394600A726F7 /* Debug */,
				50EA425E2E82394600A726F7 /* Release */,
			);
			defaultConfigurationIsVisible = 0;
			defaultConfigurationName = Release;
		};
		50EA425F2E82394600A726F7 /* Build configuration list for PBXNativeTarget "GatoDresser" */ = {
			isa = XCConfigurationList;
			buildConfigurations = (
				50EA42602E82394600A726F7 /* Debug */,
				50EA42612E82394600A726F7 /* Release */,
			);
			defaultConfigurationIsVisible = 0;
			defaultConfigurationName = Release;
		};
		50EA42622E82394600A726F7 /* Build configuration list for PBXNativeTarget "GatoDresserTests" */ = {
			isa = XCConfigurationList;
			buildConfigurations = (
				50EA42632E82394600A726F7 /* Debug */,
				50EA42642E82394600A726F7 /* Release */,
			);
			defaultConfigurationIsVisible = 0;
			defaultConfigurationName = Release;
		};
		50EA42652E82394600A726F7 /* Build configuration list for PBXNativeTarget "GatoDresserUITests" */ = {
			isa = XCConfigurationList;
			buildConfigurations = (
				50EA42662E82394600A726F7 /* Debug */,
				50EA42672E82394600A726F7 /* Release */,
			);
			defaultConfigurationIsVisible = 0;
			defaultConfigurationName = Release;
		};
/* End XCConfigurationList section */
	};
	rootObject = 50EA42362E82394400A726F7 /* Project object */;
}
